schema: '2.0'
stages:
  prepare:
    cmd: python data_prep.py
    deps:
    - path: data_prep.py
      hash: md5
      md5: 641c7022ef62d997ae5175640737fa8c
      size: 544
    - path: dataset.csv
      hash: md5
      md5: 7321aa9a1e24a9e139f42124f736b415
      size: 674857
    outs:
    - path: outs/prepared_df.csv
      hash: md5
      md5: 883886ae55d2deb5b1128a5bc40eea4d
      size: 478635
  process:
    cmd: python data_process.py
    deps:
    - path: data_process.py
      hash: md5
      md5: 8bbe74bd7334877aec6df3fb0ae7024a
      size: 2863
    - path: outs/prepared_df.csv
      hash: md5
      md5: 883886ae55d2deb5b1128a5bc40eea4d
      size: 478635
    outs:
    - path: outs/processed_test_X.csv
      hash: md5
      md5: 70f6e1e22014f9a49778a5640bae1122
      size: 214722
    - path: outs/processed_test_y.csv
      hash: md5
      md5: 4973c310e51383dd6a3f2026894cfc7b
      size: 6002
    - path: outs/processed_train_X.csv
      hash: md5
      md5: a9b0e2e59ea33bcba9371468bb283d02
      size: 858656
    - path: outs/processed_train_y.csv
      hash: md5
      md5: 0abd5b4de1e848f1c2eaf6e9fd53eced
      size: 23978
  train:
    cmd: python data_train.py
    deps:
    - path: data_train.py
      hash: md5
      md5: 4c28a8058eb49b0db107560831f48877
      size: 4548
    - path: outs/processed_test_X.csv
      hash: md5
      md5: 70f6e1e22014f9a49778a5640bae1122
      size: 214722
    - path: outs/processed_test_y.csv
      hash: md5
      md5: 4973c310e51383dd6a3f2026894cfc7b
      size: 6002
    - path: outs/processed_train_X.csv
      hash: md5
      md5: a9b0e2e59ea33bcba9371468bb283d02
      size: 858656
    - path: outs/processed_train_y.csv
      hash: md5
      md5: 0abd5b4de1e848f1c2eaf6e9fd53eced
      size: 23978
    outs:
    - path: conf_matrix.png
      hash: md5
      md5: 4a39e044e88d0d5bb6f7d917fcfa9efb
      size: 118440
    - path: metrics.json
      hash: md5
      md5: 57d9788cf487f7c2e08df6887dd15b01
      size: 288
